
Microsoft Visual Studio Solution File, Format Version 12.00
# Visual Studio Version 16
VisualStudioVersion = 16.0.31624.102
MinimumVisualStudioVersion = 10.0.40219.1
Project("{FAE04EC0-301F-11D3-BF4B-00C04F79EFBC}") = "NekoReactPortfolio", "NekoReactPortfolio\NekoReactPortfolio.csproj", "{FC599D1A-65C8-4968-87F4-8FC08B5CD355}"
EndProject
Global
	GlobalSection(SolutionConfigurationPlatforms) = preSolution
		Debug|Any CPU = Debug|Any CPU
		Release|Any CPU = Release|Any CPU
	EndGlobalSection
	GlobalSection(ProjectConfigurationPlatforms) = postSolution
		{FC599D1A-65C8-4968-87F4-8FC08B5CD355}.Debug|Any CPU.ActiveCfg = Debug|Any CPU
		{FC599D1A-65C8-4968-87F4-8FC08B5CD355}.Debug|Any CPU.Build.0 = Debug|Any CPU
		{FC599D1A-65C8-4968-87F4-8FC08B5CD355}.Release|Any CPU.ActiveCfg = Release|Any CPU
		{FC599D1A-65C8-4968-87F4-8FC08B5CD355}.Release|Any CPU.Build.0 = Release|Any CPU
	EndGlobalSection
	GlobalSection(SolutionProperties) = preSolution
		HideSolutionNode = FALSE
	EndGlobalSection
	GlobalSection(ExtensibilityGlobals) = postSolution
		SolutionGuid = {F25BEE5F-17E0-417D-8D3C-173D78D25A91}
	EndGlobalSection
EndGlobal
